
Microsoft Visual Studio Solution File, Format Version 12.00
# Visual Studio Version 17
VisualStudioVersion = 17.5.002.0
MinimumVisualStudioVersion = 10.0.40219.1
Project("{9A19103F-16F7-4668-BE54-9A1E7A4F7556}") = "backend", "backend\backend.csproj", "{50A7C9A7-1824-49D6-830B-D2B7409621C6}"
EndProject
Global
	GlobalSection(SolutionConfigurationPlatforms) = preSolution
		Debug|Any CPU = Debug|Any CPU
		Release|Any CPU = Release|Any CPU
	EndGlobalSection
	GlobalSection(ProjectConfigurationPlatforms) = postSolution
		{50A7C9A7-1824-49D6-830B-D2B7409621C6}.Debug|Any CPU.ActiveCfg = Debug|Any CPU
		{50A7C9A7-1824-49D6-830B-D2B7409621C6}.Debug|Any CPU.Build.0 = Debug|Any CPU
		{50A7C9A7-1824-49D6-830B-D2B7409621C6}.Release|Any CPU.ActiveCfg = Release|Any CPU
		{50A7C9A7-1824-49D6-830B-D2B7409621C6}.Release|Any CPU.Build.0 = Release|Any CPU
	EndGlobalSection
	GlobalSection(SolutionProperties) = preSolution
		HideSolutionNode = FALSE
	EndGlobalSection
	GlobalSection(ExtensibilityGlobals) = postSolution
		SolutionGuid = {C4074E73-0F8E-4158-839B-D76109847E51}
	EndGlobalSection
EndGlobal
